
Microsoft Visual Studio Solution File, Format Version 12.00
# Visual Studio Version 16
VisualStudioVersion = 16.0.29911.84
MinimumVisualStudioVersion = 10.0.40219.1
Project("{FAE04EC0-301F-11D3-BF4B-00C04F79EFBC}") = "Sirket", "Sirket\Sirket.csproj", "{8752E152-6C0B-405A-80DD-8194F8D2F5FC}"
EndProject
Global
	GlobalSection(SolutionConfigurationPlatforms) = preSolution
		Debug|Any CPU = Debug|Any CPU
		Release|Any CPU = Release|Any CPU
	EndGlobalSection
	GlobalSection(ProjectConfigurationPlatforms) = postSolution
		{8752E152-6C0B-405A-80DD-8194F8D2F5FC}.Debug|Any CPU.ActiveCfg = Debug|Any CPU
		{8752E152-6C0B-405A-80DD-8194F8D2F5FC}.Debug|Any CPU.Build.0 = Debug|Any CPU
		{8752E152-6C0B-405A-80DD-8194F8D2F5FC}.Release|Any CPU.ActiveCfg = Release|Any CPU
		{8752E152-6C0B-405A-80DD-8194F8D2F5FC}.Release|Any CPU.Build.0 = Release|Any CPU
	EndGlobalSection
	GlobalSection(SolutionProperties) = preSolution
		HideSolutionNode = FALSE
	EndGlobalSection
	GlobalSection(ExtensibilityGlobals) = postSolution
		SolutionGuid = {BAE07B20-F9AE-4B91-B28A-494FB9B0CD1C}
	EndGlobalSection
EndGlobal
